
Microsoft Visual Studio Solution File, Format Version 12.00
# Visual Studio Version 17
VisualStudioVersion = 17.0.31903.59
MinimumVisualStudioVersion = 10.0.40219.1
Project("{2150E333-8FDC-42A3-9474-1A3956D46DE8}") = "Backend", "Backend", "{1AE8ACA6-933B-BF2A-3671-3E2EAC007D16}"
EndProject
Project("{2150E333-8FDC-42A3-9474-1A3956D46DE8}") = "Gateway", "Gateway", "{C1DD1228-602D-EDB8-34A7-988CF3C6ABE9}"
EndProject
Project("{FAE04EC0-301F-11D3-BF4B-00C04F79EFBC}") = "Gateway.Application", "Backend\Gateway\Gateway.Application\Gateway.Application.csproj", "{EE119C38-C9D6-4B99-86F0-034CE22C1B89}"
EndProject
Project("{FAE04EC0-301F-11D3-BF4B-00C04F79EFBC}") = "Gateway.Domain", "Backend\Gateway\Gateway.Domain\Gateway.Domain.csproj", "{C06A9862-7591-4691-B0EC-CCEEF8D630E4}"
EndProject
Project("{FAE04EC0-301F-11D3-BF4B-00C04F79EFBC}") = "SharedKernel", "Backend\SharedKernel\SharedKernel.csproj", "{4365E470-A7BD-4E4B-9EE7-93F57B08DE10}"
EndProject
Project("{FAE04EC0-301F-11D3-BF4B-00C04F79EFBC}") = "Gateway.Presentation", "Backend\Gateway\Gateway.Presentation\Gateway.Presentation.csproj", "{1815CB56-6865-4B2A-8280-0192CFE7F639}"
EndProject
Project("{FAE04EC0-301F-11D3-BF4B-00C04F79EFBC}") = "Gateway.Infrastructure", "Backend\Gateway\Gateway.Infrastructure\Gateway.Infrastructure.csproj", "{4DC74456-F67C-49AC-8304-4886260009D2}"
EndProject
Project("{2150E333-8FDC-42A3-9474-1A3956D46DE8}") = "Costs", "Costs", "{CF6532AD-B046-51A5-954C-4EFBD421520C}"
EndProject
Project("{FAE04EC0-301F-11D3-BF4B-00C04F79EFBC}") = "Costs.Application", "Backend\Costs\Costs.Application\Costs.Application.csproj", "{9417D97D-8484-4258-BD3B-A1D795D2302B}"
EndProject
Project("{FAE04EC0-301F-11D3-BF4B-00C04F79EFBC}") = "Costs.Domain", "Backend\Costs\Costs.Domain\Costs.Domain.csproj", "{41196314-40C5-42F0-B7C8-AC134755937F}"
EndProject
Project("{2150E333-8FDC-42A3-9474-1A3956D46DE8}") = "Projects", "Projects", "{A7C47D50-79AE-CDA3-870B-785702F87196}"
EndProject
Project("{FAE04EC0-301F-11D3-BF4B-00C04F79EFBC}") = "Projects.Infrastructure", "Backend\Projects\Projects.Infrastructure\Projects.Infrastructure.csproj", "{201C99B6-2B97-4D7C-80FD-D9A33ADDBF9A}"
EndProject
Project("{FAE04EC0-301F-11D3-BF4B-00C04F79EFBC}") = "Projects.Application", "Backend\Projects\Projects.Application\Projects.Application.csproj", "{8FCB21FA-B6FA-4603-BE41-F337D8BC6F6A}"
EndProject
Project("{FAE04EC0-301F-11D3-BF4B-00C04F79EFBC}") = "Projects.Domain", "Backend\Projects\Projects.Domain\Projects.Domain.csproj", "{D4053D60-94DC-455C-8E9E-0B09F7ACFDCD}"
EndProject
Project("{FAE04EC0-301F-11D3-BF4B-00C04F79EFBC}") = "Projects.Presentation", "Backend\Projects\Projects.Presentation\Projects.Presentation.csproj", "{E75EBE72-1E03-4B83-87E7-A3F7D633EB08}"
EndProject
Project("{FAE04EC0-301F-11D3-BF4B-00C04F79EFBC}") = "Costs.Presentation", "Backend\Costs\Costs.Presentation\Costs.Presentation.csproj", "{F600BE75-F2D1-47C1-89DC-AE071E9E48C4}"
EndProject
Project("{FAE04EC0-301F-11D3-BF4B-00C04F79EFBC}") = "Costs.Infrastructure", "Backend\Costs\Costs.Infrastructure\Costs.Infrastructure.csproj", "{CFA5B14E-7EEF-4E83-912C-9BCFA8E8691B}"
EndProject
Global
	GlobalSection(SolutionConfigurationPlatforms) = preSolution
		Debug|Any CPU = Debug|Any CPU
		Debug|x64 = Debug|x64
		Debug|x86 = Debug|x86
		Release|Any CPU = Release|Any CPU
		Release|x64 = Release|x64
		Release|x86 = Release|x86
	EndGlobalSection
	GlobalSection(ProjectConfigurationPlatforms) = postSolution
		{EE119C38-C9D6-4B99-86F0-034CE22C1B89}.Debug|Any CPU.ActiveCfg = Debug|Any CPU
		{EE119C38-C9D6-4B99-86F0-034CE22C1B89}.Debug|Any CPU.Build.0 = Debug|Any CPU
		{EE119C38-C9D6-4B99-86F0-034CE22C1B89}.Debug|x64.ActiveCfg = Debug|Any CPU
		{EE119C38-C9D6-4B99-86F0-034CE22C1B89}.Debug|x64.Build.0 = Debug|Any CPU
		{EE119C38-C9D6-4B99-86F0-034CE22C1B89}.Debug|x86.ActiveCfg = Debug|Any CPU
		{EE119C38-C9D6-4B99-86F0-034CE22C1B89}.Debug|x86.Build.0 = Debug|Any CPU
		{EE119C38-C9D6-4B99-86F0-034CE22C1B89}.Release|Any CPU.ActiveCfg = Release|Any CPU
		{EE119C38-C9D6-4B99-86F0-034CE22C1B89}.Release|Any CPU.Build.0 = Release|Any CPU
		{EE119C38-C9D6-4B99-86F0-034CE22C1B89}.Release|x64.ActiveCfg = Release|Any CPU
		{EE119C38-C9D6-4B99-86F0-034CE22C1B89}.Release|x64.Build.0 = Release|Any CPU
		{EE119C38-C9D6-4B99-86F0-034CE22C1B89}.Release|x86.ActiveCfg = Release|Any CPU
		{EE119C38-C9D6-4B99-86F0-034CE22C1B89}.Release|x86.Build.0 = Release|Any CPU
		{C06A9862-7591-4691-B0EC-CCEEF8D630E4}.Debug|Any CPU.ActiveCfg = Debug|Any CPU
		{C06A9862-7591-4691-B0EC-CCEEF8D630E4}.Debug|Any CPU.Build.0 = Debug|Any CPU
		{C06A9862-7591-4691-B0EC-CCEEF8D630E4}.Debug|x64.ActiveCfg = Debug|Any CPU
		{C06A9862-7591-4691-B0EC-CCEEF8D630E4}.Debug|x64.Build.0 = Debug|Any CPU
		{C06A9862-7591-4691-B0EC-CCEEF8D630E4}.Debug|x86.ActiveCfg = Debug|Any CPU
		{C06A9862-7591-4691-B0EC-CCEEF8D630E4}.Debug|x86.Build.0 = Debug|Any CPU
		{C06A9862-7591-4691-B0EC-CCEEF8D630E4}.Release|Any CPU.ActiveCfg = Release|Any CPU
		{C06A9862-7591-4691-B0EC-CCEEF8D630E4}.Release|Any CPU.Build.0 = Release|Any CPU
		{C06A9862-7591-4691-B0EC-CCEEF8D630E4}.Release|x64.ActiveCfg = Release|Any CPU
		{C06A9862-7591-4691-B0EC-CCEEF8D630E4}.Release|x64.Build.0 = Release|Any CPU
		{C06A9862-7591-4691-B0EC-CCEEF8D630E4}.Release|x86.ActiveCfg = Release|Any CPU
		{C06A9862-7591-4691-B0EC-CCEEF8D630E4}.Release|x86.Build.0 = Release|Any CPU
		{4365E470-A7BD-4E4B-9EE7-93F57B08DE10}.Debug|Any CPU.ActiveCfg = Debug|Any CPU
		{4365E470-A7BD-4E4B-9EE7-93F57B08DE10}.Debug|Any CPU.Build.0 = Debug|Any CPU
		{4365E470-A7BD-4E4B-9EE7-93F57B08DE10}.Debug|x64.ActiveCfg = Debug|Any CPU
		{4365E470-A7BD-4E4B-9EE7-93F57B08DE10}.Debug|x64.Build.0 = Debug|Any CPU
		{4365E470-A7BD-4E4B-9EE7-93F57B08DE10}.Debug|x86.ActiveCfg = Debug|Any CPU
		{4365E470-A7BD-4E4B-9EE7-93F57B08DE10}.Debug|x86.Build.0 = Debug|Any CPU
		{4365E470-A7BD-4E4B-9EE7-93F57B08DE10}.Release|Any CPU.ActiveCfg = Release|Any CPU
		{4365E470-A7BD-4E4B-9EE7-93F57B08DE10}.Release|Any CPU.Build.0 = Release|Any CPU
		{4365E470-A7BD-4E4B-9EE7-93F57B08DE10}.Release|x64.ActiveCfg = Release|Any CPU
		{4365E470-A7BD-4E4B-9EE7-93F57B08DE10}.Release|x64.Build.0 = Release|Any CPU
		{4365E470-A7BD-4E4B-9EE7-93F57B08DE10}.Release|x86.ActiveCfg = Release|Any CPU
		{4365E470-A7BD-4E4B-9EE7-93F57B08DE10}.Release|x86.Build.0 = Release|Any CPU
		{1815CB56-6865-4B2A-8280-0192CFE7F639}.Debug|Any CPU.ActiveCfg = Debug|Any CPU
		{1815CB56-6865-4B2A-8280-0192CFE7F639}.Debug|Any CPU.Build.0 = Debug|Any CPU
		{1815CB56-6865-4B2A-8280-0192CFE7F639}.Debug|x64.ActiveCfg = Debug|Any CPU
		{1815CB56-6865-4B2A-8280-0192CFE7F639}.Debug|x64.Build.0 = Debug|Any CPU
		{1815CB56-6865-4B2A-8280-0192CFE7F639}.Debug|x86.ActiveCfg = Debug|Any CPU
		{1815CB56-6865-4B2A-8280-0192CFE7F639}.Debug|x86.Build.0 = Debug|Any CPU
		{1815CB56-6865-4B2A-8280-0192CFE7F639}.Release|Any CPU.ActiveCfg = Release|Any CPU
		{1815CB56-6865-4B2A-8280-0192CFE7F639}.Release|Any CPU.Build.0 = Release|Any CPU
		{1815CB56-6865-4B2A-8280-0192CFE7F639}.Release|x64.ActiveCfg = Release|Any CPU
		{1815CB56-6865-4B2A-8280-0192CFE7F639}.Release|x64.Build.0 = Release|Any CPU
		{1815CB56-6865-4B2A-8280-0192CFE7F639}.Release|x86.ActiveCfg = Release|Any CPU
		{1815CB56-6865-4B2A-8280-0192CFE7F639}.Release|x86.Build.0 = Release|Any CPU
		{4DC74456-F67C-49AC-8304-4886260009D2}.Debug|Any CPU.ActiveCfg = Debug|Any CPU
		{4DC74456-F67C-49AC-8304-4886260009D2}.Debug|Any CPU.Build.0 = Debug|Any CPU
		{4DC74456-F67C-49AC-8304-4886260009D2}.Debug|x64.ActiveCfg = Debug|Any CPU
		{4DC74456-F67C-49AC-8304-4886260009D2}.Debug|x64.Build.0 = Debug|Any CPU
		{4DC74456-F67C-49AC-8304-4886260009D2}.Debug|x86.ActiveCfg = Debug|Any CPU
		{4DC74456-F67C-49AC-8304-4886260009D2}.Debug|x86.Build.0 = Debug|Any CPU
		{4DC74456-F67C-49AC-8304-4886260009D2}.Release|Any CPU.ActiveCfg = Release|Any CPU
		{4DC74456-F67C-49AC-8304-4886260009D2}.Release|Any CPU.Build.0 = Release|Any CPU
		{4DC74456-F67C-49AC-8304-4886260009D2}.Release|x64.ActiveCfg = Release|Any CPU
		{4DC74456-F67C-49AC-8304-4886260009D2}.Release|x64.Build.0 = Release|Any CPU
		{4DC74456-F67C-49AC-8304-4886260009D2}.Release|x86.ActiveCfg = Release|Any CPU
		{4DC74456-F67C-49AC-8304-4886260009D2}.Release|x86.Build.0 = Release|Any CPU
		{9417D97D-8484-4258-BD3B-A1D795D2302B}.Debug|Any CPU.ActiveCfg = Debug|Any CPU
		{9417D97D-8484-4258-BD3B-A1D795D2302B}.Debug|Any CPU.Build.0 = Debug|Any CPU
		{9417D97D-8484-4258-BD3B-A1D795D2302B}.Debug|x64.ActiveCfg = Debug|Any CPU
		{9417D97D-8484-4258-BD3B-A1D795D2302B}.Debug|x64.Build.0 = Debug|Any CPU
		{9417D97D-8484-4258-BD3B-A1D795D2302B}.Debug|x86.ActiveCfg = Debug|Any CPU
		{9417D97D-8484-4258-BD3B-A1D795D2302B}.Debug|x86.Build.0 = Debug|Any CPU
		{9417D97D-8484-4258-BD3B-A1D795D2302B}.Release|Any CPU.ActiveCfg = Release|Any CPU
		{9417D97D-8484-4258-BD3B-A1D795D2302B}.Release|Any CPU.Build.0 = Release|Any CPU
		{9417D97D-8484-4258-BD3B-A1D795D2302B}.Release|x64.ActiveCfg = Release|Any CPU
		{9417D97D-8484-4258-BD3B-A1D795D2302B}.Release|x64.Build.0 = Release|Any CPU
		{9417D97D-8484-4258-BD3B-A1D795D2302B}.Release|x86.ActiveCfg = Release|Any CPU
		{9417D97D-8484-4258-BD3B-A1D795D2302B}.Release|x86.Build.0 = Release|Any CPU
		{41196314-40C5-42F0-B7C8-AC134755937F}.Debug|Any CPU.ActiveCfg = Debug|Any CPU
		{41196314-40C5-42F0-B7C8-AC134755937F}.Debug|Any CPU.Build.0 = Debug|Any CPU
		{41196314-40C5-42F0-B7C8-AC134755937F}.Debug|x64.ActiveCfg = Debug|Any CPU
		{41196314-40C5-42F0-B7C8-AC134755937F}.Debug|x64.Build.0 = Debug|Any CPU
		{41196314-40C5-42F0-B7C8-AC134755937F}.Debug|x86.ActiveCfg = Debug|Any CPU
		{41196314-40C5-42F0-B7C8-AC134755937F}.Debug|x86.Build.0 = Debug|Any CPU
		{41196314-40C5-42F0-B7C8-AC134755937F}.Release|Any CPU.ActiveCfg = Release|Any CPU
		{41196314-40C5-42F0-B7C8-AC134755937F}.Release|Any CPU.Build.0 = Release|Any CPU
		{41196314-40C5-42F0-B7C8-AC134755937F}.Release|x64.ActiveCfg = Release|Any CPU
		{41196314-40C5-42F0-B7C8-AC134755937F}.Release|x64.Build.0 = Release|Any CPU
		{41196314-40C5-42F0-B7C8-AC134755937F}.Release|x86.ActiveCfg = Release|Any CPU
		{41196314-40C5-42F0-B7C8-AC134755937F}.Release|x86.Build.0 = Release|Any CPU
		{201C99B6-2B97-4D7C-80FD-D9A33ADDBF9A}.Debug|Any CPU.ActiveCfg = Debug|Any CPU
		{201C99B6-2B97-4D7C-80FD-D9A33ADDBF9A}.Debug|Any CPU.Build.0 = Debug|Any CPU
		{201C99B6-2B97-4D7C-80FD-D9A33ADDBF9A}.Debug|x64.ActiveCfg = Debug|Any CPU
		{201C99B6-2B97-4D7C-80FD-D9A33ADDBF9A}.Debug|x64.Build.0 = Debug|Any CPU
		{201C99B6-2B97-4D7C-80FD-D9A33ADDBF9A}.Debug|x86.ActiveCfg = Debug|Any CPU
		{201C99B6-2B97-4D7C-80FD-D9A33ADDBF9A}.Debug|x86.Build.0 = Debug|Any CPU
		{201C99B6-2B97-4D7C-80FD-D9A33ADDBF9A}.Release|Any CPU.ActiveCfg = Release|Any CPU
		{201C99B6-2B97-4D7C-80FD-D9A33ADDBF9A}.Release|Any CPU.Build.0 = Release|Any CPU
		{201C99B6-2B97-4D7C-80FD-D9A33ADDBF9A}.Release|x64.ActiveCfg = Release|Any CPU
		{201C99B6-2B97-4D7C-80FD-D9A33ADDBF9A}.Release|x64.Build.0 = Release|Any CPU
		{201C99B6-2B97-4D7C-80FD-D9A33ADDBF9A}.Release|x86.ActiveCfg = Release|Any CPU
		{201C99B6-2B97-4D7C-80FD-D9A33ADDBF9A}.Release|x86.Build.0 = Release|Any CPU
		{8FCB21FA-B6FA-4603-BE41-F337D8BC6F6A}.Debug|Any CPU.ActiveCfg = Debug|Any CPU
		{8FCB21FA-B6FA-4603-BE41-F337D8BC6F6A}.Debug|Any CPU.Build.0 = Debug|Any CPU
		{8FCB21FA-B6FA-4603-BE41-F337D8BC6F6A}.Debug|x64.ActiveCfg = Debug|Any CPU
		{8FCB21FA-B6FA-4603-BE41-F337D8BC6F6A}.Debug|x64.Build.0 = Debug|Any CPU
		{8FCB21FA-B6FA-4603-BE41-F337D8BC6F6A}.Debug|x86.ActiveCfg = Debug|Any CPU
		{8FCB21FA-B6FA-4603-BE41-F337D8BC6F6A}.Debug|x86.Build.0 = Debug|Any CPU
		{8FCB21FA-B6FA-4603-BE41-F337D8BC6F6A}.Release|Any CPU.ActiveCfg = Release|Any CPU
		{8FCB21FA-B6FA-4603-BE41-F337D8BC6F6A}.Release|Any CPU.Build.0 = Release|Any CPU
		{8FCB21FA-B6FA-4603-BE41-F337D8BC6F6A}.Release|x64.ActiveCfg = Release|Any CPU
		{8FCB21FA-B6FA-4603-BE41-F337D8BC6F6A}.Release|x64.Build.0 = Release|Any CPU
		{8FCB21FA-B6FA-4603-BE41-F337D8BC6F6A}.Release|x86.ActiveCfg = Release|Any CPU
		{8FCB21FA-B6FA-4603-BE41-F337D8BC6F6A}.Release|x86.Build.0 = Release|Any CPU
		{D4053D60-94DC-455C-8E9E-0B09F7ACFDCD}.Debug|Any CPU.ActiveCfg = Debug|Any CPU
		{D4053D60-94DC-455C-8E9E-0B09F7ACFDCD}.Debug|Any CPU.Build.0 = Debug|Any CPU
		{D4053D60-94DC-455C-8E9E-0B09F7ACFDCD}.Debug|x64.ActiveCfg = Debug|Any CPU
		{D4053D60-94DC-455C-8E9E-0B09F7ACFDCD}.Debug|x64.Build.0 = Debug|Any CPU
		{D4053D60-94DC-455C-8E9E-0B09F7ACFDCD}.Debug|x86.ActiveCfg = Debug|Any CPU
		{D4053D60-94DC-455C-8E9E-0B09F7ACFDCD}.Debug|x86.Build.0 = Debug|Any CPU
		{D4053D60-94DC-455C-8E9E-0B09F7ACFDCD}.Release|Any CPU.ActiveCfg = Release|Any CPU
		{D4053D60-94DC-455C-8E9E-0B09F7ACFDCD}.Release|Any CPU.Build.0 = Release|Any CPU
		{D4053D60-94DC-455C-8E9E-0B09F7ACFDCD}.Release|x64.ActiveCfg = Release|Any CPU
		{D4053D60-94DC-455C-8E9E-0B09F7ACFDCD}.Release|x64.Build.0 = Release|Any CPU
		{D4053D60-94DC-455C-8E9E-0B09F7ACFDCD}.Release|x86.ActiveCfg = Release|Any CPU
		{D4053D60-94DC-455C-8E9E-0B09F7ACFDCD}.Release|x86.Build.0 = Release|Any CPU
		{E75EBE72-1E03-4B83-87E7-A3F7D633EB08}.Debug|Any CPU.ActiveCfg = Debug|Any CPU
		{E75EBE72-1E03-4B83-87E7-A3F7D633EB08}.Debug|Any CPU.Build.0 = Debug|Any CPU
		{E75EBE72-1E03-4B83-87E7-A3F7D633EB08}.Debug|x64.ActiveCfg = Debug|Any CPU
		{E75EBE72-1E03-4B83-87E7-A3F7D633EB08}.Debug|x64.Build.0 = Debug|Any CPU
		{E75EBE72-1E03-4B83-87E7-A3F7D633EB08}.Debug|x86.ActiveCfg = Debug|Any CPU
		{E75EBE72-1E03-4B83-87E7-A3F7D633EB08}.Debug|x86.Build.0 = Debug|Any CPU
		{E75EBE72-1E03-4B83-87E7-A3F7D633EB08}.Release|Any CPU.ActiveCfg = Release|Any CPU
		{E75EBE72-1E03-4B83-87E7-A3F7D633EB08}.Release|Any CPU.Build.0 = Release|Any CPU
		{E75EBE72-1E03-4B83-87E7-A3F7D633EB08}.Release|x64.ActiveCfg = Release|Any CPU
		{E75EBE72-1E03-4B83-87E7-A3F7D633EB08}.Release|x64.Build.0 = Release|Any CPU
		{E75EBE72-1E03-4B83-87E7-A3F7D633EB08}.Release|x86.ActiveCfg = Release|Any CPU
		{E75EBE72-1E03-4B83-87E7-A3F7D633EB08}.Release|x86.Build.0 = Release|Any CPU
		{F600BE75-F2D1-47C1-89DC-AE071E9E48C4}.Debug|Any CPU.ActiveCfg = Debug|Any CPU
		{F600BE75-F2D1-47C1-89DC-AE071E9E48C4}.Debug|Any CPU.Build.0 = Debug|Any CPU
		{F600BE75-F2D1-47C1-89DC-AE071E9E48C4}.Debug|x64.ActiveCfg = Debug|Any CPU
		{F600BE75-F2D1-47C1-89DC-AE071E9E48C4}.Debug|x64.Build.0 = Debug|Any CPU
		{F600BE75-F2D1-47C1-89DC-AE071E9E48C4}.Debug|x86.ActiveCfg = Debug|Any CPU
		{F600BE75-F2D1-47C1-89DC-AE071E9E48C4}.Debug|x86.Build.0 = Debug|Any CPU
		{F600BE75-F2D1-47C1-89DC-AE071E9E48C4}.Release|Any CPU.ActiveCfg = Release|Any CPU
		{F600BE75-F2D1-47C1-89DC-AE071E9E48C4}.Release|Any CPU.Build.0 = Release|Any CPU
		{F600BE75-F2D1-47C1-89DC-AE071E9E48C4}.Release|x64.ActiveCfg = Release|Any CPU
		{F600BE75-F2D1-47C1-89DC-AE071E9E48C4}.Release|x64.Build.0 = Release|Any CPU
		{F600BE75-F2D1-47C1-89DC-AE071E9E48C4}.Release|x86.ActiveCfg = Release|Any CPU
		{F600BE75-F2D1-47C1-89DC-AE071E9E48C4}.Release|x86.Build.0 = Release|Any CPU
		{CFA5B14E-7EEF-4E83-912C-9BCFA8E8691B}.Debug|Any CPU.ActiveCfg = Debug|Any CPU
		{CFA5B14E-7EEF-4E83-912C-9BCFA8E8691B}.Debug|Any CPU.Build.0 = Debug|Any CPU
		{CFA5B14E-7EEF-4E83-912C-9BCFA8E8691B}.Debug|x64.ActiveCfg = Debug|Any CPU
		{CFA5B14E-7EEF-4E83-912C-9BCFA8E8691B}.Debug|x64.Build.0 = Debug|Any CPU
		{CFA5B14E-7EEF-4E83-912C-9BCFA8E8691B}.Debug|x86.ActiveCfg = Debug|Any CPU
		{CFA5B14E-7EEF-4E83-912C-9BCFA8E8691B}.Debug|x86.Build.0 = Debug|Any CPU
		{CFA5B14E-7EEF-4E83-912C-9BCFA8E8691B}.Release|Any CPU.ActiveCfg = Release|Any CPU
		{CFA5B14E-7EEF-4E83-912C-9BCFA8E8691B}.Release|Any CPU.Build.0 = Release|Any CPU
		{CFA5B14E-7EEF-4E83-912C-9BCFA8E8691B}.Release|x64.ActiveCfg = Release|Any CPU
		{CFA5B14E-7EEF-4E83-912C-9BCFA8E8691B}.Release|x64.Build.0 = Release|Any CPU
		{CFA5B14E-7EEF-4E83-912C-9BCFA8E8691B}.Release|x86.ActiveCfg = Release|Any CPU
		{CFA5B14E-7EEF-4E83-912C-9BCFA8E8691B}.Release|x86.Build.0 = Release|Any CPU
	EndGlobalSection
	GlobalSection(SolutionProperties) = preSolution
		HideSolutionNode = FALSE
	EndGlobalSection
	GlobalSection(NestedProjects) = preSolution
		{C1DD1228-602D-EDB8-34A7-988CF3C6ABE9} = {1AE8ACA6-933B-BF2A-3671-3E2EAC007D16}
		{EE119C38-C9D6-4B99-86F0-034CE22C1B89} = {C1DD1228-602D-EDB8-34A7-988CF3C6ABE9}
		{C06A9862-7591-4691-B0EC-CCEEF8D630E4} = {C1DD1228-602D-EDB8-34A7-988CF3C6ABE9}
		{4365E470-A7BD-4E4B-9EE7-93F57B08DE10} = {1AE8ACA6-933B-BF2A-3671-3E2EAC007D16}
		{1815CB56-6865-4B2A-8280-0192CFE7F639} = {C1DD1228-602D-EDB8-34A7-988CF3C6ABE9}
		{4DC74456-F67C-49AC-8304-4886260009D2} = {C1DD1228-602D-EDB8-34A7-988CF3C6ABE9}
		{CF6532AD-B046-51A5-954C-4EFBD421520C} = {1AE8ACA6-933B-BF2A-3671-3E2EAC007D16}
		{9417D97D-8484-4258-BD3B-A1D795D2302B} = {CF6532AD-B046-51A5-954C-4EFBD421520C}
		{41196314-40C5-42F0-B7C8-AC134755937F} = {CF6532AD-B046-51A5-954C-4EFBD421520C}
		{A7C47D50-79AE-CDA3-870B-785702F87196} = {1AE8ACA6-933B-BF2A-3671-3E2EAC007D16}
		{201C99B6-2B97-4D7C-80FD-D9A33ADDBF9A} = {A7C47D50-79AE-CDA3-870B-785702F87196}
		{8FCB21FA-B6FA-4603-BE41-F337D8BC6F6A} = {A7C47D50-79AE-CDA3-870B-785702F87196}
		{D4053D60-94DC-455C-8E9E-0B09F7ACFDCD} = {A7C47D50-79AE-CDA3-870B-785702F87196}
		{E75EBE72-1E03-4B83-87E7-A3F7D633EB08} = {A7C47D50-79AE-CDA3-870B-785702F87196}
		{F600BE75-F2D1-47C1-89DC-AE071E9E48C4} = {CF6532AD-B046-51A5-954C-4EFBD421520C}
		{CFA5B14E-7EEF-4E83-912C-9BCFA8E8691B} = {CF6532AD-B046-51A5-954C-4EFBD421520C}
	EndGlobalSection
EndGlobal
