
Microsoft Visual Studio Solution File, Format Version 12.00
# Visual Studio Version 17
VisualStudioVersion = 17.0.31903.59
MinimumVisualStudioVersion = 10.0.40219.1
Project("{2150E333-8FDC-42A3-9474-1A3956D46DE8}") = "Backend", "Backend", "{1AE8ACA6-933B-BF2A-3671-3E2EAC007D16}"
EndProject
Project("{FAE04EC0-301F-11D3-BF4B-00C04F79EFBC}") = "SharedKernel", "Backend\SharedKernel\SharedKernel.csproj", "{09AB0839-F72E-472F-AAC4-602FE6AED7BD}"
EndProject
Project("{2150E333-8FDC-42A3-9474-1A3956D46DE8}") = "Projects", "Projects", "{A7C47D50-79AE-CDA3-870B-785702F87196}"
EndProject
Project("{FAE04EC0-301F-11D3-BF4B-00C04F79EFBC}") = "Projects.Domain", "Backend\Projects\Projects.Domain\Projects.Domain.csproj", "{BD41695D-7396-44B7-AB02-833C0EFC3352}"
EndProject
Project("{FAE04EC0-301F-11D3-BF4B-00C04F79EFBC}") = "Projects.Application", "Backend\Projects\Projects.Application\Projects.Application.csproj", "{C50E9FD5-E770-4868-9E92-9B5CCCAC4227}"
EndProject
Project("{FAE04EC0-301F-11D3-BF4B-00C04F79EFBC}") = "Projects.Infrastructure", "Backend\Projects\Projects.Infrastructure\Projects.Infrastructure.csproj", "{BCB78FE9-6FA7-4036-B4E2-DF92194F21AD}"
EndProject
Project("{FAE04EC0-301F-11D3-BF4B-00C04F79EFBC}") = "Projects.Presentation", "Backend\Projects\Projects.Presentation\Projects.Presentation.csproj", "{7898DA72-1A8B-4031-9566-CF6C8CE5F917}"
EndProject
Project("{2150E333-8FDC-42A3-9474-1A3956D46DE8}") = "Costs", "Costs", "{CF6532AD-B046-51A5-954C-4EFBD421520C}"
EndProject
Project("{FAE04EC0-301F-11D3-BF4B-00C04F79EFBC}") = "Costs.Domain", "Backend\Costs\Costs.Domain\Costs.Domain.csproj", "{58242F5A-0243-4DD8-A8B4-E16C54737974}"
EndProject
Project("{FAE04EC0-301F-11D3-BF4B-00C04F79EFBC}") = "Costs.Application", "Backend\Costs\Costs.Application\Costs.Application.csproj", "{B147120B-EEC8-4433-8168-E1BEE85B40AE}"
EndProject
Project("{FAE04EC0-301F-11D3-BF4B-00C04F79EFBC}") = "Costs.Infrastructure", "Backend\Costs\Costs.Infrastructure\Costs.Infrastructure.csproj", "{A2CFEED5-14C9-450C-BCD5-37B7B000D1B2}"
EndProject
Project("{FAE04EC0-301F-11D3-BF4B-00C04F79EFBC}") = "Costs.Presentation", "Backend\Costs\Costs.Presentation\Costs.Presentation.csproj", "{87D06BD4-0D91-4E8A-A122-1823566C75A7}"
EndProject
Project("{2150E333-8FDC-42A3-9474-1A3956D46DE8}") = "Gateway", "Gateway", "{C1DD1228-602D-EDB8-34A7-988CF3C6ABE9}"
EndProject
Project("{FAE04EC0-301F-11D3-BF4B-00C04F79EFBC}") = "Gateway.Domain", "Backend\Gateway\Gateway.Domain\Gateway.Domain.csproj", "{F7D35FF1-9409-41EF-992F-510C96D90904}"
EndProject
Project("{FAE04EC0-301F-11D3-BF4B-00C04F79EFBC}") = "Gateway.Application", "Backend\Gateway\Gateway.Application\Gateway.Application.csproj", "{AE428F6A-2D1D-40FB-A0D1-D0BD05F16D8E}"
EndProject
Project("{FAE04EC0-301F-11D3-BF4B-00C04F79EFBC}") = "Gateway.Infrastructure", "Backend\Gateway\Gateway.Infrastructure\Gateway.Infrastructure.csproj", "{71CE7F01-A74E-48E9-B9EC-46E4A41911ED}"
EndProject
Project("{FAE04EC0-301F-11D3-BF4B-00C04F79EFBC}") = "Gateway.Presentation", "Backend\Gateway\Gateway.Presentation\Gateway.Presentation.csproj", "{51317D22-C367-4173-8D08-9017FDA19F40}"
EndProject
Global
	GlobalSection(SolutionConfigurationPlatforms) = preSolution
		Debug|Any CPU = Debug|Any CPU
		Debug|x64 = Debug|x64
		Debug|x86 = Debug|x86
		Release|Any CPU = Release|Any CPU
		Release|x64 = Release|x64
		Release|x86 = Release|x86
	EndGlobalSection
	GlobalSection(ProjectConfigurationPlatforms) = postSolution
		{09AB0839-F72E-472F-AAC4-602FE6AED7BD}.Debug|Any CPU.ActiveCfg = Debug|Any CPU
		{09AB0839-F72E-472F-AAC4-602FE6AED7BD}.Debug|Any CPU.Build.0 = Debug|Any CPU
		{09AB0839-F72E-472F-AAC4-602FE6AED7BD}.Debug|x64.ActiveCfg = Debug|Any CPU
		{09AB0839-F72E-472F-AAC4-602FE6AED7BD}.Debug|x64.Build.0 = Debug|Any CPU
		{09AB0839-F72E-472F-AAC4-602FE6AED7BD}.Debug|x86.ActiveCfg = Debug|Any CPU
		{09AB0839-F72E-472F-AAC4-602FE6AED7BD}.Debug|x86.Build.0 = Debug|Any CPU
		{09AB0839-F72E-472F-AAC4-602FE6AED7BD}.Release|Any CPU.ActiveCfg = Release|Any CPU
		{09AB0839-F72E-472F-AAC4-602FE6AED7BD}.Release|Any CPU.Build.0 = Release|Any CPU
		{09AB0839-F72E-472F-AAC4-602FE6AED7BD}.Release|x64.ActiveCfg = Release|Any CPU
		{09AB0839-F72E-472F-AAC4-602FE6AED7BD}.Release|x64.Build.0 = Release|Any CPU
		{09AB0839-F72E-472F-AAC4-602FE6AED7BD}.Release|x86.ActiveCfg = Release|Any CPU
		{09AB0839-F72E-472F-AAC4-602FE6AED7BD}.Release|x86.Build.0 = Release|Any CPU
		{BD41695D-7396-44B7-AB02-833C0EFC3352}.Debug|Any CPU.ActiveCfg = Debug|Any CPU
		{BD41695D-7396-44B7-AB02-833C0EFC3352}.Debug|Any CPU.Build.0 = Debug|Any CPU
		{BD41695D-7396-44B7-AB02-833C0EFC3352}.Debug|x64.ActiveCfg = Debug|Any CPU
		{BD41695D-7396-44B7-AB02-833C0EFC3352}.Debug|x64.Build.0 = Debug|Any CPU
		{BD41695D-7396-44B7-AB02-833C0EFC3352}.Debug|x86.ActiveCfg = Debug|Any CPU
		{BD41695D-7396-44B7-AB02-833C0EFC3352}.Debug|x86.Build.0 = Debug|Any CPU
		{BD41695D-7396-44B7-AB02-833C0EFC3352}.Release|Any CPU.ActiveCfg = Release|Any CPU
		{BD41695D-7396-44B7-AB02-833C0EFC3352}.Release|Any CPU.Build.0 = Release|Any CPU
		{BD41695D-7396-44B7-AB02-833C0EFC3352}.Release|x64.ActiveCfg = Release|Any CPU
		{BD41695D-7396-44B7-AB02-833C0EFC3352}.Release|x64.Build.0 = Release|Any CPU
		{BD41695D-7396-44B7-AB02-833C0EFC3352}.Release|x86.ActiveCfg = Release|Any CPU
		{BD41695D-7396-44B7-AB02-833C0EFC3352}.Release|x86.Build.0 = Release|Any CPU
		{C50E9FD5-E770-4868-9E92-9B5CCCAC4227}.Debug|Any CPU.ActiveCfg = Debug|Any CPU
		{C50E9FD5-E770-4868-9E92-9B5CCCAC4227}.Debug|Any CPU.Build.0 = Debug|Any CPU
		{C50E9FD5-E770-4868-9E92-9B5CCCAC4227}.Debug|x64.ActiveCfg = Debug|Any CPU
		{C50E9FD5-E770-4868-9E92-9B5CCCAC4227}.Debug|x64.Build.0 = Debug|Any CPU
		{C50E9FD5-E770-4868-9E92-9B5CCCAC4227}.Debug|x86.ActiveCfg = Debug|Any CPU
		{C50E9FD5-E770-4868-9E92-9B5CCCAC4227}.Debug|x86.Build.0 = Debug|Any CPU
		{C50E9FD5-E770-4868-9E92-9B5CCCAC4227}.Release|Any CPU.ActiveCfg = Release|Any CPU
		{C50E9FD5-E770-4868-9E92-9B5CCCAC4227}.Release|Any CPU.Build.0 = Release|Any CPU
		{C50E9FD5-E770-4868-9E92-9B5CCCAC4227}.Release|x64.ActiveCfg = Release|Any CPU
		{C50E9FD5-E770-4868-9E92-9B5CCCAC4227}.Release|x64.Build.0 = Release|Any CPU
		{C50E9FD5-E770-4868-9E92-9B5CCCAC4227}.Release|x86.ActiveCfg = Release|Any CPU
		{C50E9FD5-E770-4868-9E92-9B5CCCAC4227}.Release|x86.Build.0 = Release|Any CPU
		{BCB78FE9-6FA7-4036-B4E2-DF92194F21AD}.Debug|Any CPU.ActiveCfg = Debug|Any CPU
		{BCB78FE9-6FA7-4036-B4E2-DF92194F21AD}.Debug|Any CPU.Build.0 = Debug|Any CPU
		{BCB78FE9-6FA7-4036-B4E2-DF92194F21AD}.Debug|x64.ActiveCfg = Debug|Any CPU
		{BCB78FE9-6FA7-4036-B4E2-DF92194F21AD}.Debug|x64.Build.0 = Debug|Any CPU
		{BCB78FE9-6FA7-4036-B4E2-DF92194F21AD}.Debug|x86.ActiveCfg = Debug|Any CPU
		{BCB78FE9-6FA7-4036-B4E2-DF92194F21AD}.Debug|x86.Build.0 = Debug|Any CPU
		{BCB78FE9-6FA7-4036-B4E2-DF92194F21AD}.Release|Any CPU.ActiveCfg = Release|Any CPU
		{BCB78FE9-6FA7-4036-B4E2-DF92194F21AD}.Release|Any CPU.Build.0 = Release|Any CPU
		{BCB78FE9-6FA7-4036-B4E2-DF92194F21AD}.Release|x64.ActiveCfg = Release|Any CPU
		{BCB78FE9-6FA7-4036-B4E2-DF92194F21AD}.Release|x64.Build.0 = Release|Any CPU
		{BCB78FE9-6FA7-4036-B4E2-DF92194F21AD}.Release|x86.ActiveCfg = Release|Any CPU
		{BCB78FE9-6FA7-4036-B4E2-DF92194F21AD}.Release|x86.Build.0 = Release|Any CPU
		{7898DA72-1A8B-4031-9566-CF6C8CE5F917}.Debug|Any CPU.ActiveCfg = Debug|Any CPU
		{7898DA72-1A8B-4031-9566-CF6C8CE5F917}.Debug|Any CPU.Build.0 = Debug|Any CPU
		{7898DA72-1A8B-4031-9566-CF6C8CE5F917}.Debug|x64.ActiveCfg = Debug|Any CPU
		{7898DA72-1A8B-4031-9566-CF6C8CE5F917}.Debug|x64.Build.0 = Debug|Any CPU
		{7898DA72-1A8B-4031-9566-CF6C8CE5F917}.Debug|x86.ActiveCfg = Debug|Any CPU
		{7898DA72-1A8B-4031-9566-CF6C8CE5F917}.Debug|x86.Build.0 = Debug|Any CPU
		{7898DA72-1A8B-4031-9566-CF6C8CE5F917}.Release|Any CPU.ActiveCfg = Release|Any CPU
		{7898DA72-1A8B-4031-9566-CF6C8CE5F917}.Release|Any CPU.Build.0 = Release|Any CPU
		{7898DA72-1A8B-4031-9566-CF6C8CE5F917}.Release|x64.ActiveCfg = Release|Any CPU
		{7898DA72-1A8B-4031-9566-CF6C8CE5F917}.Release|x64.Build.0 = Release|Any CPU
		{7898DA72-1A8B-4031-9566-CF6C8CE5F917}.Release|x86.ActiveCfg = Release|Any CPU
		{7898DA72-1A8B-4031-9566-CF6C8CE5F917}.Release|x86.Build.0 = Release|Any CPU
		{58242F5A-0243-4DD8-A8B4-E16C54737974}.Debug|Any CPU.ActiveCfg = Debug|Any CPU
		{58242F5A-0243-4DD8-A8B4-E16C54737974}.Debug|Any CPU.Build.0 = Debug|Any CPU
		{58242F5A-0243-4DD8-A8B4-E16C54737974}.Debug|x64.ActiveCfg = Debug|Any CPU
		{58242F5A-0243-4DD8-A8B4-E16C54737974}.Debug|x64.Build.0 = Debug|Any CPU
		{58242F5A-0243-4DD8-A8B4-E16C54737974}.Debug|x86.ActiveCfg = Debug|Any CPU
		{58242F5A-0243-4DD8-A8B4-E16C54737974}.Debug|x86.Build.0 = Debug|Any CPU
		{58242F5A-0243-4DD8-A8B4-E16C54737974}.Release|Any CPU.ActiveCfg = Release|Any CPU
		{58242F5A-0243-4DD8-A8B4-E16C54737974}.Release|Any CPU.Build.0 = Release|Any CPU
		{58242F5A-0243-4DD8-A8B4-E16C54737974}.Release|x64.ActiveCfg = Release|Any CPU
		{58242F5A-0243-4DD8-A8B4-E16C54737974}.Release|x64.Build.0 = Release|Any CPU
		{58242F5A-0243-4DD8-A8B4-E16C54737974}.Release|x86.ActiveCfg = Release|Any CPU
		{58242F5A-0243-4DD8-A8B4-E16C54737974}.Release|x86.Build.0 = Release|Any CPU
		{B147120B-EEC8-4433-8168-E1BEE85B40AE}.Debug|Any CPU.ActiveCfg = Debug|Any CPU
		{B147120B-EEC8-4433-8168-E1BEE85B40AE}.Debug|Any CPU.Build.0 = Debug|Any CPU
		{B147120B-EEC8-4433-8168-E1BEE85B40AE}.Debug|x64.ActiveCfg = Debug|Any CPU
		{B147120B-EEC8-4433-8168-E1BEE85B40AE}.Debug|x64.Build.0 = Debug|Any CPU
		{B147120B-EEC8-4433-8168-E1BEE85B40AE}.Debug|x86.ActiveCfg = Debug|Any CPU
		{B147120B-EEC8-4433-8168-E1BEE85B40AE}.Debug|x86.Build.0 = Debug|Any CPU
		{B147120B-EEC8-4433-8168-E1BEE85B40AE}.Release|Any CPU.ActiveCfg = Release|Any CPU
		{B147120B-EEC8-4433-8168-E1BEE85B40AE}.Release|Any CPU.Build.0 = Release|Any CPU
		{B147120B-EEC8-4433-8168-E1BEE85B40AE}.Release|x64.ActiveCfg = Release|Any CPU
		{B147120B-EEC8-4433-8168-E1BEE85B40AE}.Release|x64.Build.0 = Release|Any CPU
		{B147120B-EEC8-4433-8168-E1BEE85B40AE}.Release|x86.ActiveCfg = Release|Any CPU
		{B147120B-EEC8-4433-8168-E1BEE85B40AE}.Release|x86.Build.0 = Release|Any CPU
		{A2CFEED5-14C9-450C-BCD5-37B7B000D1B2}.Debug|Any CPU.ActiveCfg = Debug|Any CPU
		{A2CFEED5-14C9-450C-BCD5-37B7B000D1B2}.Debug|Any CPU.Build.0 = Debug|Any CPU
		{A2CFEED5-14C9-450C-BCD5-37B7B000D1B2}.Debug|x64.ActiveCfg = Debug|Any CPU
		{A2CFEED5-14C9-450C-BCD5-37B7B000D1B2}.Debug|x64.Build.0 = Debug|Any CPU
		{A2CFEED5-14C9-450C-BCD5-37B7B000D1B2}.Debug|x86.ActiveCfg = Debug|Any CPU
		{A2CFEED5-14C9-450C-BCD5-37B7B000D1B2}.Debug|x86.Build.0 = Debug|Any CPU
		{A2CFEED5-14C9-450C-BCD5-37B7B000D1B2}.Release|Any CPU.ActiveCfg = Release|Any CPU
		{A2CFEED5-14C9-450C-BCD5-37B7B000D1B2}.Release|Any CPU.Build.0 = Release|Any CPU
		{A2CFEED5-14C9-450C-BCD5-37B7B000D1B2}.Release|x64.ActiveCfg = Release|Any CPU
		{A2CFEED5-14C9-450C-BCD5-37B7B000D1B2}.Release|x64.Build.0 = Release|Any CPU
		{A2CFEED5-14C9-450C-BCD5-37B7B000D1B2}.Release|x86.ActiveCfg = Release|Any CPU
		{A2CFEED5-14C9-450C-BCD5-37B7B000D1B2}.Release|x86.Build.0 = Release|Any CPU
		{87D06BD4-0D91-4E8A-A122-1823566C75A7}.Debug|Any CPU.ActiveCfg = Debug|Any CPU
		{87D06BD4-0D91-4E8A-A122-1823566C75A7}.Debug|Any CPU.Build.0 = Debug|Any CPU
		{87D06BD4-0D91-4E8A-A122-1823566C75A7}.Debug|x64.ActiveCfg = Debug|Any CPU
		{87D06BD4-0D91-4E8A-A122-1823566C75A7}.Debug|x64.Build.0 = Debug|Any CPU
		{87D06BD4-0D91-4E8A-A122-1823566C75A7}.Debug|x86.ActiveCfg = Debug|Any CPU
		{87D06BD4-0D91-4E8A-A122-1823566C75A7}.Debug|x86.Build.0 = Debug|Any CPU
		{87D06BD4-0D91-4E8A-A122-1823566C75A7}.Release|Any CPU.ActiveCfg = Release|Any CPU
		{87D06BD4-0D91-4E8A-A122-1823566C75A7}.Release|Any CPU.Build.0 = Release|Any CPU
		{87D06BD4-0D91-4E8A-A122-1823566C75A7}.Release|x64.ActiveCfg = Release|Any CPU
		{87D06BD4-0D91-4E8A-A122-1823566C75A7}.Release|x64.Build.0 = Release|Any CPU
		{87D06BD4-0D91-4E8A-A122-1823566C75A7}.Release|x86.ActiveCfg = Release|Any CPU
		{87D06BD4-0D91-4E8A-A122-1823566C75A7}.Release|x86.Build.0 = Release|Any CPU
		{F7D35FF1-9409-41EF-992F-510C96D90904}.Debug|Any CPU.ActiveCfg = Debug|Any CPU
		{F7D35FF1-9409-41EF-992F-510C96D90904}.Debug|Any CPU.Build.0 = Debug|Any CPU
		{F7D35FF1-9409-41EF-992F-510C96D90904}.Debug|x64.ActiveCfg = Debug|Any CPU
		{F7D35FF1-9409-41EF-992F-510C96D90904}.Debug|x64.Build.0 = Debug|Any CPU
		{F7D35FF1-9409-41EF-992F-510C96D90904}.Debug|x86.ActiveCfg = Debug|Any CPU
		{F7D35FF1-9409-41EF-992F-510C96D90904}.Debug|x86.Build.0 = Debug|Any CPU
		{F7D35FF1-9409-41EF-992F-510C96D90904}.Release|Any CPU.ActiveCfg = Release|Any CPU
		{F7D35FF1-9409-41EF-992F-510C96D90904}.Release|Any CPU.Build.0 = Release|Any CPU
		{F7D35FF1-9409-41EF-992F-510C96D90904}.Release|x64.ActiveCfg = Release|Any CPU
		{F7D35FF1-9409-41EF-992F-510C96D90904}.Release|x64.Build.0 = Release|Any CPU
		{F7D35FF1-9409-41EF-992F-510C96D90904}.Release|x86.ActiveCfg = Release|Any CPU
		{F7D35FF1-9409-41EF-992F-510C96D90904}.Release|x86.Build.0 = Release|Any CPU
		{AE428F6A-2D1D-40FB-A0D1-D0BD05F16D8E}.Debug|Any CPU.ActiveCfg = Debug|Any CPU
		{AE428F6A-2D1D-40FB-A0D1-D0BD05F16D8E}.Debug|Any CPU.Build.0 = Debug|Any CPU
		{AE428F6A-2D1D-40FB-A0D1-D0BD05F16D8E}.Debug|x64.ActiveCfg = Debug|Any CPU
		{AE428F6A-2D1D-40FB-A0D1-D0BD05F16D8E}.Debug|x64.Build.0 = Debug|Any CPU
		{AE428F6A-2D1D-40FB-A0D1-D0BD05F16D8E}.Debug|x86.ActiveCfg = Debug|Any CPU
		{AE428F6A-2D1D-40FB-A0D1-D0BD05F16D8E}.Debug|x86.Build.0 = Debug|Any CPU
		{AE428F6A-2D1D-40FB-A0D1-D0BD05F16D8E}.Release|Any CPU.ActiveCfg = Release|Any CPU
		{AE428F6A-2D1D-40FB-A0D1-D0BD05F16D8E}.Release|Any CPU.Build.0 = Release|Any CPU
		{AE428F6A-2D1D-40FB-A0D1-D0BD05F16D8E}.Release|x64.ActiveCfg = Release|Any CPU
		{AE428F6A-2D1D-40FB-A0D1-D0BD05F16D8E}.Release|x64.Build.0 = Release|Any CPU
		{AE428F6A-2D1D-40FB-A0D1-D0BD05F16D8E}.Release|x86.ActiveCfg = Release|Any CPU
		{AE428F6A-2D1D-40FB-A0D1-D0BD05F16D8E}.Release|x86.Build.0 = Release|Any CPU
		{71CE7F01-A74E-48E9-B9EC-46E4A41911ED}.Debug|Any CPU.ActiveCfg = Debug|Any CPU
		{71CE7F01-A74E-48E9-B9EC-46E4A41911ED}.Debug|Any CPU.Build.0 = Debug|Any CPU
		{71CE7F01-A74E-48E9-B9EC-46E4A41911ED}.Debug|x64.ActiveCfg = Debug|Any CPU
		{71CE7F01-A74E-48E9-B9EC-46E4A41911ED}.Debug|x64.Build.0 = Debug|Any CPU
		{71CE7F01-A74E-48E9-B9EC-46E4A41911ED}.Debug|x86.ActiveCfg = Debug|Any CPU
		{71CE7F01-A74E-48E9-B9EC-46E4A41911ED}.Debug|x86.Build.0 = Debug|Any CPU
		{71CE7F01-A74E-48E9-B9EC-46E4A41911ED}.Release|Any CPU.ActiveCfg = Release|Any CPU
		{71CE7F01-A74E-48E9-B9EC-46E4A41911ED}.Release|Any CPU.Build.0 = Release|Any CPU
		{71CE7F01-A74E-48E9-B9EC-46E4A41911ED}.Release|x64.ActiveCfg = Release|Any CPU
		{71CE7F01-A74E-48E9-B9EC-46E4A41911ED}.Release|x64.Build.0 = Release|Any CPU
		{71CE7F01-A74E-48E9-B9EC-46E4A41911ED}.Release|x86.ActiveCfg = Release|Any CPU
		{71CE7F01-A74E-48E9-B9EC-46E4A41911ED}.Release|x86.Build.0 = Release|Any CPU
		{51317D22-C367-4173-8D08-9017FDA19F40}.Debug|Any CPU.ActiveCfg = Debug|Any CPU
		{51317D22-C367-4173-8D08-9017FDA19F40}.Debug|Any CPU.Build.0 = Debug|Any CPU
		{51317D22-C367-4173-8D08-9017FDA19F40}.Debug|x64.ActiveCfg = Debug|Any CPU
		{51317D22-C367-4173-8D08-9017FDA19F40}.Debug|x64.Build.0 = Debug|Any CPU
		{51317D22-C367-4173-8D08-9017FDA19F40}.Debug|x86.ActiveCfg = Debug|Any CPU
		{51317D22-C367-4173-8D08-9017FDA19F40}.Debug|x86.Build.0 = Debug|Any CPU
		{51317D22-C367-4173-8D08-9017FDA19F40}.Release|Any CPU.ActiveCfg = Release|Any CPU
		{51317D22-C367-4173-8D08-9017FDA19F40}.Release|Any CPU.Build.0 = Release|Any CPU
		{51317D22-C367-4173-8D08-9017FDA19F40}.Release|x64.ActiveCfg = Release|Any CPU
		{51317D22-C367-4173-8D08-9017FDA19F40}.Release|x64.Build.0 = Release|Any CPU
		{51317D22-C367-4173-8D08-9017FDA19F40}.Release|x86.ActiveCfg = Release|Any CPU
		{51317D22-C367-4173-8D08-9017FDA19F40}.Release|x86.Build.0 = Release|Any CPU
	EndGlobalSection
	GlobalSection(SolutionProperties) = preSolution
		HideSolutionNode = FALSE
	EndGlobalSection
	GlobalSection(NestedProjects) = preSolution
		{09AB0839-F72E-472F-AAC4-602FE6AED7BD} = {1AE8ACA6-933B-BF2A-3671-3E2EAC007D16}
		{A7C47D50-79AE-CDA3-870B-785702F87196} = {1AE8ACA6-933B-BF2A-3671-3E2EAC007D16}
		{BD41695D-7396-44B7-AB02-833C0EFC3352} = {A7C47D50-79AE-CDA3-870B-785702F87196}
		{C50E9FD5-E770-4868-9E92-9B5CCCAC4227} = {A7C47D50-79AE-CDA3-870B-785702F87196}
		{BCB78FE9-6FA7-4036-B4E2-DF92194F21AD} = {A7C47D50-79AE-CDA3-870B-785702F87196}
		{7898DA72-1A8B-4031-9566-CF6C8CE5F917} = {A7C47D50-79AE-CDA3-870B-785702F87196}
		{CF6532AD-B046-51A5-954C-4EFBD421520C} = {1AE8ACA6-933B-BF2A-3671-3E2EAC007D16}
		{58242F5A-0243-4DD8-A8B4-E16C54737974} = {CF6532AD-B046-51A5-954C-4EFBD421520C}
		{B147120B-EEC8-4433-8168-E1BEE85B40AE} = {CF6532AD-B046-51A5-954C-4EFBD421520C}
		{A2CFEED5-14C9-450C-BCD5-37B7B000D1B2} = {CF6532AD-B046-51A5-954C-4EFBD421520C}
		{87D06BD4-0D91-4E8A-A122-1823566C75A7} = {CF6532AD-B046-51A5-954C-4EFBD421520C}
		{C1DD1228-602D-EDB8-34A7-988CF3C6ABE9} = {1AE8ACA6-933B-BF2A-3671-3E2EAC007D16}
		{F7D35FF1-9409-41EF-992F-510C96D90904} = {C1DD1228-602D-EDB8-34A7-988CF3C6ABE9}
		{AE428F6A-2D1D-40FB-A0D1-D0BD05F16D8E} = {C1DD1228-602D-EDB8-34A7-988CF3C6ABE9}
		{71CE7F01-A74E-48E9-B9EC-46E4A41911ED} = {C1DD1228-602D-EDB8-34A7-988CF3C6ABE9}
		{51317D22-C367-4173-8D08-9017FDA19F40} = {C1DD1228-602D-EDB8-34A7-988CF3C6ABE9}
	EndGlobalSection
EndGlobal
